{
    "_meta": {
        "hash": {
            "sha256": "ad4598c848c6a53941193de4146c8e581a862e0e0f12b38893013576a7546b30"
        },
        "pipfile-spec": 6,
        "requires": {
            "python_version": "3.8"
        },
        "sources": [
            {
                "name": "pypi",
                "url": "https://pypi.org/simple",
                "verify_ssl": true
            }
        ]
    },
    "default": {
        "numpy": {
            "hashes": [
                "sha256:1a784e8ff7ea2a32e393cc53eb0003eca1597c7ca628227e34ce34eb11645a0e",
                "sha256:2ba579dde0563f47021dcd652253103d6fd66165b18011dce1a0609215b2791e",
                "sha256:3537b967b350ad17633b35c2f4b1a1bbd258c018910b518c30b48c8e41272717",
                "sha256:3c40e6b860220ed862e8097b8f81c9af6d7405b723f4a7af24a267b46f90e461",
                "sha256:598fe100b2948465cf3ed64b1a326424b5e4be2670552066e17dfaa67246011d",
                "sha256:620732f42259eb2c4642761bd324462a01cdd13dd111740ce3d344992dd8492f",
                "sha256:709884863def34d72b183d074d8ba5cfe042bc3ff8898f1ffad0209161caaa99",
                "sha256:75579acbadbf74e3afd1153da6177f846212ea2a0cc77de53523ae02c9256513",
                "sha256:7c55407f739f0bfcec67d0df49103f9333edc870061358ac8a8c9e37ea02fcd2",
                "sha256:a1f2fb2da242568af0271455b89aee0f71e4e032086ee2b4c5098945d0e11cf6",
                "sha256:a290989cd671cd0605e9c91a70e6df660f73ae87484218e8285c6522d29f6e38",
                "sha256:ac4fd578322842dbda8d968e3962e9f22e862b6ec6e3378e7415625915e2da4d",
                "sha256:ad09f55cc95ed8d80d8ab2052f78cc21cb231764de73e229140d81ff49d8145e",
                "sha256:b9205711e5440954f861ceeea8f1b415d7dd15214add2e878b4d1cf2bcb1a914",
                "sha256:bba474a87496d96e61461f7306fba2ebba127bed7836212c360f144d1e72ac54",
                "sha256:bebab3eaf0641bba26039fb0b2c5bf9b99407924b53b1ea86e03c32c64ef5aef",
                "sha256:cc367c86eb87e5b7c9592935620f22d13b090c609f1b27e49600cd033b529f54",
                "sha256:ccc6c650f8700ce1e3a77668bb7c43e45c20ac06ae00d22bdf6760b38958c883",
                "sha256:cf680682ad0a3bef56dae200dbcbac2d57294a73e5b0f9864955e7dd7c2c2491",
                "sha256:d2910d0a075caed95de1a605df00ee03b599de5419d0b95d55342e9a33ad1fb3",
                "sha256:d5caa946a9f55511e76446e170bdad1d12d6b54e17a2afe7b189112ed4412bb8",
                "sha256:d89b0dc7f005090e32bb4f9bf796e1dcca6b52243caf1803fdd2b748d8561f63",
                "sha256:d95d16204cd51ff1a1c8d5f9958ce90ae190be81d348b514f9be39f878b8044a",
                "sha256:e4d5a86a5257843a18fb1220c5f1c199532bc5d24e849ed4b0289fb59fbd4d8f",
                "sha256:e58ddb53a7b4959932f5582ac455ff90dcb05fac3f8dcc8079498d43afbbde6c",
                "sha256:e80fe25cba41c124d04c662f33f6364909b985f2eb5998aaa5ae4b9587242cce",
                "sha256:eda2829af498946c59d8585a9fd74da3f810866e05f8df03a86f70079c7531dd",
                "sha256:fd0a359c1c17f00cb37de2969984a74320970e0ceef4808c32e00773b06649d9"
            ],
            "index": "pypi",
            "version": "==1.21.0"
        },
        "pandas": {
            "hashes": [
                "sha256:09761bf5f8c741d47d4b8b9073288de1be39bbfccc281d70b889ade12b2aad29",
                "sha256:0f27fd1adfa256388dc34895ca5437eaf254832223812afd817a6f73127f969c",
                "sha256:43e00770552595c2250d8d712ec8b6e08ca73089ac823122344f023efa4abea3",
                "sha256:46fc671c542a8392a4f4c13edc8527e3a10f6cb62912d856f82248feb747f06e",
                "sha256:475b7772b6e18a93a43ea83517932deff33954a10d4fbae18d0c1aba4182310f",
                "sha256:4d821b9b911fc1b7d428978d04ace33f0af32bb7549525c8a7b08444bce46b74",
                "sha256:5e3c8c60541396110586bcbe6eccdc335a38e7de8c217060edaf4722260b158f",
                "sha256:621c044a1b5e535cf7dcb3ab39fca6f867095c3ef223a524f18f60c7fee028ea",
                "sha256:72ffcea00ae8ffcdbdefff800284311e155fbb5ed6758f1a6110fc1f8f8f0c1c",
                "sha256:8a051e957c5206f722e83f295f95a2cf053e890f9a1fba0065780a8c2d045f5d",
                "sha256:97b1954533b2a74c7e20d1342c4f01311d3203b48f2ebf651891e6a6eaf01104",
                "sha256:9f5829e64507ad10e2561b60baf285c470f3c4454b007c860e77849b88865ae7",
                "sha256:a93e34f10f67d81de706ce00bf8bb3798403cabce4ccb2de10c61b5ae8786ab5",
                "sha256:d59842a5aa89ca03c2099312163ffdd06f56486050e641a45d926a072f04d994",
                "sha256:dbb255975eb94143f2e6ec7dadda671d25147939047839cd6b8a4aff0379bb9b",
                "sha256:df6f10b85aef7a5bb25259ad651ad1cc1d6bb09000595cab47e718cbac250b1d"
            ],
            "index": "pypi",
            "version": "==1.2.3"
        },
        "pyqt6": {
            "hashes": [
                "sha256:11c039b07962b29246de2da0912f4f663786185fd74d48daac7a270a43c8d92a",
                "sha256:577334c9d4518022a4cb6f9799dfbd1b996167eb31404b5a63d6c43d603e6418",
                "sha256:8a2f357b86fec8598f52f16d5f93416931017ca1986d5f68679c9565bfc21fff",
                "sha256:a9bfcac198fe4b703706f809bb686c7cef5f60a7c802fc145c6b57929c7a6a34"
            ],
            "index": "pypi",
            "version": "==6.2.3"
        },
        "pyqt6-qt6": {
            "hashes": [
                "sha256:0782dc4da4933755182724290b43f52441b1b90c377ee7e6a1b625bb91c09a10",
                "sha256:7f94dcf6f60e3e395083d87e49f14ccc194cd45d73f301ade39bc6adfdfc765f",
                "sha256:bef30ad651fa5fbc4a5d157862108c6ea270e636cc98b1eafdb93f5c7fef7eff",
                "sha256:e87d192d20c5789aa1271025831881dde071a357a1956c808fb5e1b4603ec832"
            ],
            "version": "==6.3.0"
        },
        "pyqt6-sip": {
            "hashes": [
                "sha256:0f4d7a0dd9c610ab0b2e7b46cfa45eeecd72a50f9d2a82a883d4fc2a0eabe216",
                "sha256:10e54200c619276f4e79c615b0d2f1f612a8b4fe443c119869de62546e0f9f2f",
                "sha256:33c4a39e9fce8448d0abb79f80ecf35b8420ec76fa90b056173ce69a8a2ae769",
                "sha256:3bffad016f115a003f290bf8e92d2fd38d6b3c832946e7ee98aa9ecc20c431ba",
                "sha256:45f23a3de6290ab311d827a371e82c09cd3203d57c74e8aa739280feb0960f80",
                "sha256:77edc790f8bae29729103b378ccd29beba402bcdde5c584bd4aebbf8c8a75caa",
                "sha256:7c26dcba7deebb3d001079eda84be911bac55520b5e7b7113fac1859d850b566",
                "sha256:98c53675a4fb2507126ff2ea3ec03872d6e59624d45e6ad95053f74002be121f",
                "sha256:b94dc4ecda4b6a011cdb5fdff0eae27567d30c30bc884c78394b76e02eb3df7a",
                "sha256:b9506e2ddb126541457db939311432a63d0affc83bf86ff902d1664c7c167db6",
                "sha256:d629c0e39d5ccfdae567b92ba74d92f9180b7c55535f82251f1a12a9076a9e01",
                "sha256:ef89555ad34ca8b8f6d2e3ccacd4edacebef781404254c2cb17ba1c60cdc57c2",
                "sha256:f17c15665a4007cdf167eaeb133408b8e3409203303199a00068da63ea4c41a3"
            ],
            "markers": "python_version >= '3.7'",
            "version": "==13.3.1"
        },
        "pyqtgraph": {
            "hashes": [
                "sha256:06997eaae40bfa2b870647f98384a63b12f75118303b674337a080f8eb9a0030",
                "sha256:f1dfee710fa5e9abaaf3d4dff0116659e6c7b4e7b514870c5cddad268a753d74"
            ],
            "index": "pypi",
            "version": "==0.12.3"
        },
        "pyserial": {
            "hashes": [
                "sha256:3c77e014170dfffbd816e6ffc205e9842efb10be9f58ec16d3e8675b4925cddb",
                "sha256:c4451db6ba391ca6ca299fb3ec7bae67a5c55dde170964c7a14ceefec02f2cf0"
            ],
            "index": "pypi",
            "version": "==3.5"
        },
        "python-dateutil": {
            "hashes": [
                "sha256:0123cacc1627ae19ddf3c27a5de5bd67ee4586fbdd6440d9748f8abb483d3e86",
                "sha256:961d03dc3453ebbc59dbdea9e4e11c5651520a876d0f4db161e8674aae935da9"
            ],
            "markers": "python_version >= '2.7' and python_version not in '3.0, 3.1, 3.2, 3.3'",
            "version": "==2.8.2"
        },
        "pytz": {
            "hashes": [
                "sha256:1e760e2fe6a8163bc0b3d9a19c4f84342afa0a2affebfaa84b01b978a02ecaa7",
                "sha256:e68985985296d9a66a881eb3193b0906246245294a881e7c8afe623866ac6a5c"
            ],
            "version": "==2022.1"
        },
        "six": {
            "hashes": [
                "sha256:1e61c37477a1626458e36f7b1d82aa5c9b094fa4802892072e49de9c60c4c926",
                "sha256:8abb2f1d86890a2dfb989f9a77cfcfd3e47c2a354b01111771326f8aa26e0254"
            ],
            "markers": "python_version >= '2.7' and python_version not in '3.0, 3.1, 3.2, 3.3'",
            "version": "==1.16.0"
        }
    },
    "develop": {}
}
